
Microsoft Visual Studio Solution File, Format Version 12.00
# Visual Studio Version 17
VisualStudioVersion = 17.0.31903.59
MinimumVisualStudioVersion = 10.0.40219.1
Project("{FAE04EC0-301F-11D3-BF4B-00C04F79EFBC}") = "TaskFlow.Api", "TaskFlow.Api.csproj", "{3FE29475-5751-4C40-8FA9-EBDDEF38A1B6}"
EndProject
Project("{2150E333-8FDC-42A3-9474-1A3956D46DE8}") = "tests", "tests", "{0AB3BF05-4346-4AA6-1389-037BE0695223}"
EndProject
Project("{FAE04EC0-301F-11D3-BF4B-00C04F79EFBC}") = "TaskFlow.Api.UnitTests", "tests\TaskFlow.Api.UnitTests\TaskFlow.Api.UnitTests.csproj", "{2B6A9DC4-F818-4BB5-8B18-BFE82CB6E625}"
EndProject
Project("{FAE04EC0-301F-11D3-BF4B-00C04F79EFBC}") = "TaskFlow.Api.IntegrationTests", "tests\TaskFlow.Api.IntegrationTests\TaskFlow.Api.IntegrationTests.csproj", "{2FDECCB2-E6BE-462A-A5F0-D45D29B2AF53}"
EndProject
Project("{FAE04EC0-301F-11D3-BF4B-00C04F79EFBC}") = "TaskFlow.Api.FunctionalTests", "tests\TaskFlow.Api.FunctionalTests\TaskFlow.Api.FunctionalTests.csproj", "{99FC533F-7AEA-4DDA-9587-267C6896E7AF}"
EndProject
Global
	GlobalSection(SolutionConfigurationPlatforms) = preSolution
		Debug|Any CPU = Debug|Any CPU
		Debug|x64 = Debug|x64
		Debug|x86 = Debug|x86
		Release|Any CPU = Release|Any CPU
		Release|x64 = Release|x64
		Release|x86 = Release|x86
	EndGlobalSection
	GlobalSection(ProjectConfigurationPlatforms) = postSolution
		{3FE29475-5751-4C40-8FA9-EBDDEF38A1B6}.Debug|Any CPU.ActiveCfg = Debug|Any CPU
		{3FE29475-5751-4C40-8FA9-EBDDEF38A1B6}.Debug|Any CPU.Build.0 = Debug|Any CPU
		{3FE29475-5751-4C40-8FA9-EBDDEF38A1B6}.Debug|x64.ActiveCfg = Debug|Any CPU
		{3FE29475-5751-4C40-8FA9-EBDDEF38A1B6}.Debug|x64.Build.0 = Debug|Any CPU
		{3FE29475-5751-4C40-8FA9-EBDDEF38A1B6}.Debug|x86.ActiveCfg = Debug|Any CPU
		{3FE29475-5751-4C40-8FA9-EBDDEF38A1B6}.Debug|x86.Build.0 = Debug|Any CPU
		{3FE29475-5751-4C40-8FA9-EBDDEF38A1B6}.Release|Any CPU.ActiveCfg = Release|Any CPU
		{3FE29475-5751-4C40-8FA9-EBDDEF38A1B6}.Release|Any CPU.Build.0 = Release|Any CPU
		{3FE29475-5751-4C40-8FA9-EBDDEF38A1B6}.Release|x64.ActiveCfg = Release|Any CPU
		{3FE29475-5751-4C40-8FA9-EBDDEF38A1B6}.Release|x64.Build.0 = Release|Any CPU
		{3FE29475-5751-4C40-8FA9-EBDDEF38A1B6}.Release|x86.ActiveCfg = Release|Any CPU
		{3FE29475-5751-4C40-8FA9-EBDDEF38A1B6}.Release|x86.Build.0 = Release|Any CPU
		{2B6A9DC4-F818-4BB5-8B18-BFE82CB6E625}.Debug|Any CPU.ActiveCfg = Debug|Any CPU
		{2B6A9DC4-F818-4BB5-8B18-BFE82CB6E625}.Debug|Any CPU.Build.0 = Debug|Any CPU
		{2B6A9DC4-F818-4BB5-8B18-BFE82CB6E625}.Debug|x64.ActiveCfg = Debug|Any CPU
		{2B6A9DC4-F818-4BB5-8B18-BFE82CB6E625}.Debug|x64.Build.0 = Debug|Any CPU
		{2B6A9DC4-F818-4BB5-8B18-BFE82CB6E625}.Debug|x86.ActiveCfg = Debug|Any CPU
		{2B6A9DC4-F818-4BB5-8B18-BFE82CB6E625}.Debug|x86.Build.0 = Debug|Any CPU
		{2B6A9DC4-F818-4BB5-8B18-BFE82CB6E625}.Release|Any CPU.ActiveCfg = Release|Any CPU
		{2B6A9DC4-F818-4BB5-8B18-BFE82CB6E625}.Release|Any CPU.Build.0 = Release|Any CPU
		{2B6A9DC4-F818-4BB5-8B18-BFE82CB6E625}.Release|x64.ActiveCfg = Release|Any CPU
		{2B6A9DC4-F818-4BB5-8B18-BFE82CB6E625}.Release|x64.Build.0 = Release|Any CPU
		{2B6A9DC4-F818-4BB5-8B18-BFE82CB6E625}.Release|x86.ActiveCfg = Release|Any CPU
		{2B6A9DC4-F818-4BB5-8B18-BFE82CB6E625}.Release|x86.Build.0 = Release|Any CPU
		{2FDECCB2-E6BE-462A-A5F0-D45D29B2AF53}.Debug|Any CPU.ActiveCfg = Debug|Any CPU
		{2FDECCB2-E6BE-462A-A5F0-D45D29B2AF53}.Debug|Any CPU.Build.0 = Debug|Any CPU
		{2FDECCB2-E6BE-462A-A5F0-D45D29B2AF53}.Debug|x64.ActiveCfg = Debug|Any CPU
		{2FDECCB2-E6BE-462A-A5F0-D45D29B2AF53}.Debug|x64.Build.0 = Debug|Any CPU
		{2FDECCB2-E6BE-462A-A5F0-D45D29B2AF53}.Debug|x86.ActiveCfg = Debug|Any CPU
		{2FDECCB2-E6BE-462A-A5F0-D45D29B2AF53}.Debug|x86.Build.0 = Debug|Any CPU
		{2FDECCB2-E6BE-462A-A5F0-D45D29B2AF53}.Release|Any CPU.ActiveCfg = Release|Any CPU
		{2FDECCB2-E6BE-462A-A5F0-D45D29B2AF53}.Release|Any CPU.Build.0 = Release|Any CPU
		{2FDECCB2-E6BE-462A-A5F0-D45D29B2AF53}.Release|x64.ActiveCfg = Release|Any CPU
		{2FDECCB2-E6BE-462A-A5F0-D45D29B2AF53}.Release|x64.Build.0 = Release|Any CPU
		{2FDECCB2-E6BE-462A-A5F0-D45D29B2AF53}.Release|x86.ActiveCfg = Release|Any CPU
		{2FDECCB2-E6BE-462A-A5F0-D45D29B2AF53}.Release|x86.Build.0 = Release|Any CPU
		{99FC533F-7AEA-4DDA-9587-267C6896E7AF}.Debug|Any CPU.ActiveCfg = Debug|Any CPU
		{99FC533F-7AEA-4DDA-9587-267C6896E7AF}.Debug|Any CPU.Build.0 = Debug|Any CPU
		{99FC533F-7AEA-4DDA-9587-267C6896E7AF}.Debug|x64.ActiveCfg = Debug|Any CPU
		{99FC533F-7AEA-4DDA-9587-267C6896E7AF}.Debug|x64.Build.0 = Debug|Any CPU
		{99FC533F-7AEA-4DDA-9587-267C6896E7AF}.Debug|x86.ActiveCfg = Debug|Any CPU
		{99FC533F-7AEA-4DDA-9587-267C6896E7AF}.Debug|x86.Build.0 = Debug|Any CPU
		{99FC533F-7AEA-4DDA-9587-267C6896E7AF}.Release|Any CPU.ActiveCfg = Release|Any CPU
		{99FC533F-7AEA-4DDA-9587-267C6896E7AF}.Release|Any CPU.Build.0 = Release|Any CPU
		{99FC533F-7AEA-4DDA-9587-267C6896E7AF}.Release|x64.ActiveCfg = Release|Any CPU
		{99FC533F-7AEA-4DDA-9587-267C6896E7AF}.Release|x64.Build.0 = Release|Any CPU
		{99FC533F-7AEA-4DDA-9587-267C6896E7AF}.Release|x86.ActiveCfg = Release|Any CPU
		{99FC533F-7AEA-4DDA-9587-267C6896E7AF}.Release|x86.Build.0 = Release|Any CPU
	EndGlobalSection
	GlobalSection(SolutionProperties) = preSolution
		HideSolutionNode = FALSE
	EndGlobalSection
	GlobalSection(NestedProjects) = preSolution
		{2B6A9DC4-F818-4BB5-8B18-BFE82CB6E625} = {0AB3BF05-4346-4AA6-1389-037BE0695223}
		{2FDECCB2-E6BE-462A-A5F0-D45D29B2AF53} = {0AB3BF05-4346-4AA6-1389-037BE0695223}
		{99FC533F-7AEA-4DDA-9587-267C6896E7AF} = {0AB3BF05-4346-4AA6-1389-037BE0695223}
	EndGlobalSection
EndGlobal
